// !$*UTF8*$!
{
	archiveVersion = 1;
	classes = {
	};
	objectVersion = 56;
	objects = {

/* Begin PBXBuildFile section */
		01315F3D2AC0C703002EEBF6 /* StanfordCardGameApp.swift in Sources */ = {isa = PBXBuildFile; fileRef = 01315F3C2AC0C703002EEBF6 /* StanfordCardGameApp.swift */; };
		01315F3F2AC0C703002EEBF6 /* ContentView.swift in Sources */ = {isa = PBXBuildFile; fileRef = 01315F3E2AC0C703002EEBF6 /* ContentView.swift */; };
		01315F412AC0C704002EEBF6 /* Assets.xcassets in Resources */ = {isa = PBXBuildFile; fileRef = 01315F402AC0C704002EEBF6 /* Assets.xcassets */; };
		01315F452AC0C704002EEBF6 /* Preview Assets.xcassets in Resources */ = {isa = PBXBuildFile; fileRef = 01315F442AC0C704002EEBF6 /* Preview Assets.xcassets */; };
		01315F4F2AC0C705002EEBF6 /* StanfordCardGameTests.swift in Sources */ = {isa = PBXBuildFile; fileRef = 01315F4E2AC0C705002EEBF6 /* StanfordCardGameTests.swift */; };
		01315F592AC0C705002EEBF6 /* StanfordCardGameUITests.swift in Sources */ = {isa = PBXBuildFile; fileRef = 01315F582AC0C705002EEBF6 /* StanfordCardGameUITests.swift */; };
		01315F5B2AC0C705002EEBF6 /* StanfordCardGameUITestsLaunchTests.swift in Sources */ = {isa = PBXBuildFile; fileRef = 01315F5A2AC0C705002EEBF6 /* StanfordCardGameUITestsLaunchTests.swift */; };
		01315F6A2AC0C73C002EEBF6 /* SwiftUIView.swift in Sources */ = {isa = PBXBuildFile; fileRef = 01315F692AC0C73C002EEBF6 /* SwiftUIView.swift */; };
		01315F6C2AC0C74B002EEBF6 /* ViewModel.swift in Sources */ = {isa = PBXBuildFile; fileRef = 01315F6B2AC0C74B002EEBF6 /* ViewModel.swift */; };
		01315F6E2AC0C759002EEBF6 /* Model.swift in Sources */ = {isa = PBXBuildFile; fileRef = 01315F6D2AC0C759002EEBF6 /* Model.swift */; };
		01315F702AC2B594002EEBF6 /* AspectVGrid.swift in Sources */ = {isa = PBXBuildFile; fileRef = 01315F6F2AC2B594002EEBF6 /* AspectVGrid.swift */; };
		01315F722AC2C699002EEBF6 /* MemoryCard.swift in Sources */ = {isa = PBXBuildFile; fileRef = 01315F712AC2C699002EEBF6 /* MemoryCard.swift */; };
/* End PBXBuildFile section */

/* Begin PBXContainerItemProxy section */
		01315F4B2AC0C705002EEBF6 /* PBXContainerItemProxy */ = {
			isa = PBXContainerItemProxy;
			containerPortal = 01315F312AC0C703002EEBF6 /* Project object */;
			proxyType = 1;
			remoteGlobalIDString = 01315F382AC0C703002EEBF6;
			remoteInfo = StanfordCardGame;
		};
		01315F552AC0C705002EEBF6 /* PBXContainerItemProxy */ = {
			isa = PBXContainerItemProxy;
			containerPortal = 01315F312AC0C703002EEBF6 /* Project object */;
			proxyType = 1;
			remoteGlobalIDString = 01315F382AC0C703002EEBF6;
			remoteInfo = StanfordCardGame;
		};
/* End PBXContainerItemProxy section */

/* Begin PBXFileReference section */
		01315F392AC0C703002EEBF6 /* StanfordCardGame.app */ = {isa = PBXFileReference; explicitFileType = wrapper.application; includeInIndex = 0; path = StanfordCardGame.app; sourceTree = BUILT_PRODUCTS_DIR; };
		01315F3C2AC0C703002EEBF6 /* StanfordCardGameApp.swift */ = {isa = PBXFileReference; lastKnownFileType = sourcecode.swift; path = StanfordCardGameApp.swift; sourceTree = "<group>"; };
		01315F3E2AC0C703002EEBF6 /* ContentView.swift */ = {isa = PBXFileReference; lastKnownFileType = sourcecode.swift; path = ContentView.swift; sourceTree = "<group>"; };
		01315F402AC0C704002EEBF6 /* Assets.xcassets */ = {isa = PBXFileReference; lastKnownFileType = folder.assetcatalog; path = Assets.xcassets; sourceTree = "<group>"; };
		01315F422AC0C704002EEBF6 /* StanfordCardGame.entitlements */ = {isa = PBXFileReference; lastKnownFileType = text.plist.entitlements; path = StanfordCardGame.entitlements; sourceTree = "<group>"; };
		01315F442AC0C704002EEBF6 /* Preview Assets.xcassets */ = {isa = PBXFileReference; lastKnownFileType = folder.assetcatalog; path = "Preview Assets.xcassets"; sourceTree = "<group>"; };
		01315F4A2AC0C705002EEBF6 /* StanfordCardGameTests.xctest */ = {isa = PBXFileReference; explicitFileType = wrapper.cfbundle; includeInIndex = 0; path = StanfordCardGameTests.xctest; sourceTree = BUILT_PRODUCTS_DIR; };
		01315F4E2AC0C705002EEBF6 /* StanfordCardGameTests.swift */ = {isa = PBXFileReference; lastKnownFileType = sourcecode.swift; path = StanfordCardGameTests.swift; sourceTree = "<group>"; };
		01315F542AC0C705002EEBF6 /* StanfordCardGameUITests.xctest */ = {isa = PBXFileReference; explicitFileType = wrapper.cfbundle; includeInIndex = 0; path = StanfordCardGameUITests.xctest; sourceTree = BUILT_PRODUCTS_DIR; };
		01315F582AC0C705002EEBF6 /* StanfordCardGameUITests.swift */ = {isa = PBXFileReference; lastKnownFileType = sourcecode.swift; path = StanfordCardGameUITests.swift; sourceTree = "<group>"; };
		01315F5A2AC0C705002EEBF6 /* StanfordCardGameUITestsLaunchTests.swift */ = {isa = PBXFileReference; lastKnownFileType = sourcecode.swift; path = StanfordCardGameUITestsLaunchTests.swift; sourceTree = "<group>"; };
		01315F692AC0C73C002EEBF6 /* SwiftUIView.swift */ = {isa = PBXFileReference; lastKnownFileType = sourcecode.swift; path = SwiftUIView.swift; sourceTree = "<group>"; };
		01315F6B2AC0C74B002EEBF6 /* ViewModel.swift */ = {isa = PBXFileReference; lastKnownFileType = sourcecode.swift; path = ViewModel.swift; sourceTree = "<group>"; };
		01315F6D2AC0C759002EEBF6 /* Model.swift */ = {isa = PBXFileReference; lastKnownFileType = sourcecode.swift; path = Model.swift; sourceTree = "<group>"; };
		01315F6F2AC2B594002EEBF6 /* AspectVGrid.swift */ = {isa = PBXFileReference; lastKnownFileType = sourcecode.swift; path = AspectVGrid.swift; sourceTree = "<group>"; };
		01315F712AC2C699002EEBF6 /* MemoryCard.swift */ = {isa = PBXFileReference; lastKnownFileType = sourcecode.swift; path = MemoryCard.swift; sourceTree = "<group>"; };
/* End PBXFileReference section */

/* Begin PBXFrameworksBuildPhase section */
		01315F362AC0C703002EEBF6 /* Frameworks */ = {
			isa = PBXFrameworksBuildPhase;
			buildActionMask = 2147483647;
			files = (
			);
			runOnlyForDeploymentPostprocessing = 0;
		};
		01315F472AC0C705002EEBF6 /* Frameworks */ = {
			isa = PBXFrameworksBuildPhase;
			buildActionMask = 2147483647;
			files = (
			);
			runOnlyForDeploymentPostprocessing = 0;
		};
		01315F512AC0C705002EEBF6 /* Frameworks */ = {
			isa = PBXFrameworksBuildPhase;
			buildActionMask = 2147483647;
			files = (
			);
			runOnlyForDeploymentPostprocessing = 0;
		};
/* End PBXFrameworksBuildPhase section */

/* Begin PBXGroup section */
		01315F302AC0C703002EEBF6 = {
			isa = PBXGroup;
			children = (
				01315F3B2AC0C703002EEBF6 /* StanfordCardGame */,
				01315F4D2AC0C705002EEBF6 /* StanfordCardGameTests */,
				01315F572AC0C705002EEBF6 /* StanfordCardGameUITests */,
				01315F3A2AC0C703002EEBF6 /* Products */,
			);
			sourceTree = "<group>";
		};
		01315F3A2AC0C703002EEBF6 /* Products */ = {
			isa = PBXGroup;
			children = (
				01315F392AC0C703002EEBF6 /* StanfordCardGame.app */,
				01315F4A2AC0C705002EEBF6 /* StanfordCardGameTests.xctest */,
				01315F542AC0C705002EEBF6 /* StanfordCardGameUITests.xctest */,
			);
			name = Products;
			sourceTree = "<group>";
		};
		01315F3B2AC0C703002EEBF6 /* StanfordCardGame */ = {
			isa = PBXGroup;
			children = (
				01315F3C2AC0C703002EEBF6 /* StanfordCardGameApp.swift */,
				01315F3E2AC0C703002EEBF6 /* ContentView.swift */,
				01315F402AC0C704002EEBF6 /* Assets.xcassets */,
				01315F422AC0C704002EEBF6 /* StanfordCardGame.entitlements */,
				01315F432AC0C704002EEBF6 /* Preview Content */,
			);
			path = StanfordCardGame;
			sourceTree = "<group>";
		};
		01315F432AC0C704002EEBF6 /* Preview Content */ = {
			isa = PBXGroup;
			children = (
				01315F442AC0C704002EEBF6 /* Preview Assets.xcassets */,
				01315F692AC0C73C002EEBF6 /* SwiftUIView.swift */,
				01315F6B2AC0C74B002EEBF6 /* ViewModel.swift */,
				01315F6D2AC0C759002EEBF6 /* Model.swift */,
				01315F6F2AC2B594002EEBF6 /* AspectVGrid.swift */,
				01315F712AC2C699002EEBF6 /* MemoryCard.swift */,
			);
			path = "Preview Content";
			sourceTree = "<group>";
		};
		01315F4D2AC0C705002EEBF6 /* StanfordCardGameTests */ = {
			isa = PBXGroup;
			children = (
				01315F4E2AC0C705002EEBF6 /* StanfordCardGameTests.swift */,
			);
			path = StanfordCardGameTests;
			sourceTree = "<group>";
		};
		01315F572AC0C705002EEBF6 /* StanfordCardGameUITests */ = {
			isa = PBXGroup;
			children = (
				01315F582AC0C705002EEBF6 /* StanfordCardGameUITests.swift */,
				01315F5A2AC0C705002EEBF6 /* StanfordCardGameUITestsLaunchTests.swift */,
			);
			path = StanfordCardGameUITests;
			sourceTree = "<group>";
		};
/* End PBXGroup section */

/* Begin PBXNativeTarget section */
		01315F382AC0C703002EEBF6 /* StanfordCardGame */ = {
			isa = PBXNativeTarget;
			buildConfigurationList = 01315F5E2AC0C705002EEBF6 /* Build configuration list for PBXNativeTarget "StanfordCardGame" */;
			buildPhases = (
				01315F352AC0C703002EEBF6 /* Sources */,
				01315F362AC0C703002EEBF6 /* Frameworks */,
				01315F372AC0C703002EEBF6 /* Resources */,
			);
			buildRules = (
			);
			dependencies = (
			);
			name = StanfordCardGame;
			productName = StanfordCardGame;
			productReference = 01315F392AC0C703002EEBF6 /* StanfordCardGame.app */;
			productType = "com.apple.product-type.application";
		};
		01315F492AC0C705002EEBF6 /* StanfordCardGameTests */ = {
			isa = PBXNativeTarget;
			buildConfigurationList = 01315F612AC0C705002EEBF6 /* Build configuration list for PBXNativeTarget "StanfordCardGameTests" */;
			buildPhases = (
				01315F462AC0C705002EEBF6 /* Sources */,
				01315F472AC0C705002EEBF6 /* Frameworks */,
				01315F482AC0C705002EEBF6 /* Resources */,
			);
			buildRules = (
			);
			dependencies = (
				01315F4C2AC0C705002EEBF6 /* PBXTargetDependency */,
			);
			name = StanfordCardGameTests;
			productName = StanfordCardGameTests;
			productReference = 01315F4A2AC0C705002EEBF6 /* StanfordCardGameTests.xctest */;
			productType = "com.apple.product-type.bundle.unit-test";
		};
		01315F532AC0C705002EEBF6 /* StanfordCardGameUITests */ = {
			isa = PBXNativeTarget;
			buildConfigurationList = 01315F642AC0C705002EEBF6 /* Build configuration list for PBXNativeTarget "StanfordCardGameUITests" */;
			buildPhases = (
				01315F502AC0C705002EEBF6 /* Sources */,
				01315F512AC0C705002EEBF6 /* Frameworks */,
				01315F522AC0C705002EEBF6 /* Resources */,
			);
			buildRules = (
			);
			dependencies = (
				01315F562AC0C705002EEBF6 /* PBXTargetDependency */,
			);
			name = StanfordCardGameUITests;
			productName = StanfordCardGameUITests;
			productReference = 01315F542AC0C705002EEBF6 /* StanfordCardGameUITests.xctest */;
			productType = "com.apple.product-type.bundle.ui-testing";
		};
/* End PBXNativeTarget section */

/* Begin PBXProject section */
		01315F312AC0C703002EEBF6 /* Project object */ = {
			isa = PBXProject;
			attributes = {
				BuildIndependentTargetsInParallel = 1;
				LastSwiftUpdateCheck = 1430;
				LastUpgradeCheck = 1430;
				TargetAttributes = {
					01315F382AC0C703002EEBF6 = {
						CreatedOnToolsVersion = 14.3.1;
					};
					01315F492AC0C705002EEBF6 = {
						CreatedOnToolsVersion = 14.3.1;
						TestTargetID = 01315F382AC0C703002EEBF6;
					};
					01315F532AC0C705002EEBF6 = {
						CreatedOnToolsVersion = 14.3.1;
						TestTargetID = 01315F382AC0C703002EEBF6;
					};
				};
			};
			buildConfigurationList = 01315F342AC0C703002EEBF6 /* Build configuration list for PBXProject "StanfordCardGame" */;
			compatibilityVersion = "Xcode 14.0";
			developmentRegion = en;
			hasScannedForEncodings = 0;
			knownRegions = (
				en,
				Base,
			);
			mainGroup = 01315F302AC0C703002EEBF6;
			productRefGroup = 01315F3A2AC0C703002EEBF6 /* Products */;
			projectDirPath = "";
			projectRoot = "";
			targets = (
				01315F382AC0C703002EEBF6 /* StanfordCardGame */,
				01315F492AC0C705002EEBF6 /* StanfordCardGameTests */,
				01315F532AC0C705002EEBF6 /* StanfordCardGameUITests */,
			);
		};
/* End PBXProject section */

/* Begin PBXResourcesBuildPhase section */
		01315F372AC0C703002EEBF6 /* Resources */ = {
			isa = PBXResourcesBuildPhase;
			buildActionMask = 2147483647;
			files = (
				01315F452AC0C704002EEBF6 /* Preview Assets.xcassets in Resources */,
				01315F412AC0C704002EEBF6 /* Assets.xcassets in Resources */,
			);
			runOnlyForDeploymentPostprocessing = 0;
		};
		01315F482AC0C705002EEBF6 /* Resources */ = {
			isa = PBXResourcesBuildPhase;
			buildActionMask = 2147483647;
			files = (
			);
			runOnlyForDeploymentPostprocessing = 0;
		};
		01315F522AC0C705002EEBF6 /* Resources */ = {
			isa = PBXResourcesBuildPhase;
			buildActionMask = 2147483647;
			files = (
			);
			runOnlyForDeploymentPostprocessing = 0;
		};
/* End PBXResourcesBuildPhase section */

/* Begin PBXSourcesBuildPhase section */
		01315F352AC0C703002EEBF6 /* Sources */ = {
			isa = PBXSourcesBuildPhase;
			buildActionMask = 2147483647;
			files = (
				01315F6E2AC0C759002EEBF6 /* Model.swift in Sources */,
				01315F3F2AC0C703002EEBF6 /* ContentView.swift in Sources */,
				01315F702AC2B594002EEBF6 /* AspectVGrid.swift in Sources */,
				01315F722AC2C699002EEBF6 /* MemoryCard.swift in Sources */,
				01315F3D2AC0C703002EEBF6 /* StanfordCardGameApp.swift in Sources */,
				01315F6C2AC0C74B002EEBF6 /* ViewModel.swift in Sources */,
				01315F6A2AC0C73C002EEBF6 /* SwiftUIView.swift in Sources */,
			);
			runOnlyForDeploymentPostprocessing = 0;
		};
		01315F462AC0C705002EEBF6 /* Sources */ = {
			isa = PBXSourcesBuildPhase;
			buildActionMask = 2147483647;
			files = (
				01315F4F2AC0C705002EEBF6 /* StanfordCardGameTests.swift in Sources */,
			);
			runOnlyForDeploymentPostprocessing = 0;
		};
		01315F502AC0C705002EEBF6 /* Sources */ = {
			isa = PBXSourcesBuildPhase;
			buildActionMask = 2147483647;
			files = (
				01315F592AC0C705002EEBF6 /* StanfordCardGameUITests.swift in Sources */,
				01315F5B2AC0C705002EEBF6 /* StanfordCardGameUITestsLaunchTests.swift in Sources */,
			);
			runOnlyForDeploymentPostprocessing = 0;
		};
/* End PBXSourcesBuildPhase section */

/* Begin PBXTargetDependency section */
		01315F4C2AC0C705002EEBF6 /* PBXTargetDependency */ = {
			isa = PBXTargetDependency;
			target = 01315F382AC0C703002EEBF6 /* StanfordCardGame */;
			targetProxy = 01315F4B2AC0C705002EEBF6 /* PBXContainerItemProxy */;
		};
		01315F562AC0C705002EEBF6 /* PBXTargetDependency */ = {
			isa = PBXTargetDependency;
			target = 01315F382AC0C703002EEBF6 /* StanfordCardGame */;
			targetProxy = 01315F552AC0C705002EEBF6 /* PBXContainerItemProxy */;
		};
/* End PBXTargetDependency section */

/* Begin XCBuildConfiguration section */
		01315F5C2AC0C705002EEBF6 /* Debug */ = {
			isa = XCBuildConfiguration;
			buildSettings = {
				ALWAYS_SEARCH_USER_PATHS = NO;
				CLANG_ANALYZER_NONNULL = YES;
				CLANG_ANALYZER_NUMBER_OBJECT_CONVERSION = YES_AGGRESSIVE;
				CLANG_CXX_LANGUAGE_STANDARD = "gnu++20";
				CLANG_ENABLE_MODULES = YES;
				CLANG_ENABLE_OBJC_ARC = YES;
				CLANG_ENABLE_OBJC_WEAK = YES;
				CLANG_WARN_BLOCK_CAPTURE_AUTORELEASING = YES;
				CLANG_WARN_BOOL_CONVERSION = YES;
				CLANG_WARN_COMMA = YES;
				CLANG_WARN_CONSTANT_CONVERSION = YES;
				CLANG_WARN_DEPRECATED_OBJC_IMPLEMENTATIONS = YES;
				CLANG_WARN_DIRECT_OBJC_ISA_USAGE = YES_ERROR;
				CLANG_WARN_DOCUMENTATION_COMMENTS = YES;
				CLANG_WARN_EMPTY_BODY = YES;
				CLANG_WARN_ENUM_CONVERSION = YES;
				CLANG_WARN_INFINITE_RECURSION = YES;
				CLANG_WARN_INT_CONVERSION = YES;
				CLANG_WARN_NON_LITERAL_NULL_CONVERSION = YES;
				CLANG_WARN_OBJC_IMPLICIT_RETAIN_SELF = YES;
				CLANG_WARN_OBJC_LITERAL_CONVERSION = YES;
				CLANG_WARN_OBJC_ROOT_CLASS = YES_ERROR;
				CLANG_WARN_QUOTED_INCLUDE_IN_FRAMEWORK_HEADER = YES;
				CLANG_WARN_RANGE_LOOP_ANALYSIS = YES;
				CLANG_WARN_STRICT_PROTOTYPES = YES;
				CLANG_WARN_SUSPICIOUS_MOVE = YES;
				CLANG_WARN_UNGUARDED_AVAILABILITY = YES_AGGRESSIVE;
				CLANG_WARN_UNREACHABLE_CODE = YES;
				CLANG_WARN__DUPLICATE_METHOD_MATCH = YES;
				COPY_PHASE_STRIP = NO;
				DEBUG_INFORMATION_FORMAT = dwarf;
				ENABLE_STRICT_OBJC_MSGSEND = YES;
				ENABLE_TESTABILITY = YES;
				GCC_C_LANGUAGE_STANDARD = gnu11;
				GCC_DYNAMIC_NO_PIC = NO;
				GCC_NO_COMMON_BLOCKS = YES;
				GCC_OPTIMIZATION_LEVEL = 0;
				GCC_PREPROCESSOR_DEFINITIONS = (
					"DEBUG=1",
					"$(inherited)",
				);
				GCC_WARN_64_TO_32_BIT_CONVERSION = YES;
				GCC_WARN_ABOUT_RETURN_TYPE = YES_ERROR;
				GCC_WARN_UNDECLARED_SELECTOR = YES;
				GCC_WARN_UNINITIALIZED_AUTOS = YES_AGGRESSIVE;
				GCC_WARN_UNUSED_FUNCTION = YES;
				GCC_WARN_UNUSED_VARIABLE = YES;
				MTL_ENABLE_DEBUG_INFO = INCLUDE_SOURCE;
				MTL_FAST_MATH = YES;
				ONLY_ACTIVE_ARCH = YES;
				SWIFT_ACTIVE_COMPILATION_CONDITIONS = DEBUG;
				SWIFT_OPTIMIZATION_LEVEL = "-Onone";
			};
			name = Debug;
		};
		01315F5D2AC0C705002EEBF6 /* Release */ = {
			isa = XCBuildConfiguration;
			buildSettings = {
				ALWAYS_SEARCH_USER_PATHS = NO;
				CLANG_ANALYZER_NONNULL = YES;
				CLANG_ANALYZER_NUMBER_OBJECT_CONVERSION = YES_AGGRESSIVE;
				CLANG_CXX_LANGUAGE_STANDARD = "gnu++20";
				CLANG_ENABLE_MODULES = YES;
				CLANG_ENABLE_OBJC_ARC = YES;
				CLANG_ENABLE_OBJC_WEAK = YES;
				CLANG_WARN_BLOCK_CAPTURE_AUTORELEASING = YES;
				CLANG_WARN_BOOL_CONVERSION = YES;
				CLANG_WARN_COMMA = YES;
				CLANG_WARN_CONSTANT_CONVERSION = YES;
				CLANG_WARN_DEPRECATED_OBJC_IMPLEMENTATIONS = YES;
				CLANG_WARN_DIRECT_OBJC_ISA_USAGE = YES_ERROR;
				CLANG_WARN_DOCUMENTATION_COMMENTS = YES;
				CLANG_WARN_EMPTY_BODY = YES;
				CLANG_WARN_ENUM_CONVERSION = YES;
				CLANG_WARN_INFINITE_RECURSION = YES;
				CLANG_WARN_INT_CONVERSION = YES;
				CLANG_WARN_NON_LITERAL_NULL_CONVERSION = YES;
				CLANG_WARN_OBJC_IMPLICIT_RETAIN_SELF = YES;
				CLANG_WARN_OBJC_LITERAL_CONVERSION = YES;
				CLANG_WARN_OBJC_ROOT_CLASS = YES_ERROR;
				CLANG_WARN_QUOTED_INCLUDE_IN_FRAMEWORK_HEADER = YES;
				CLANG_WARN_RANGE_LOOP_ANALYSIS = YES;
				CLANG_WARN_STRICT_PROTOTYPES = YES;
				CLANG_WARN_SUSPICIOUS_MOVE = YES;
				CLANG_WARN_UNGUARDED_AVAILABILITY = YES_AGGRESSIVE;
				CLANG_WARN_UNREACHABLE_CODE = YES;
				CLANG_WARN__DUPLICATE_METHOD_MATCH = YES;
				COPY_PHASE_STRIP = NO;
				DEBUG_INFORMATION_FORMAT = "dwarf-with-dsym";
				ENABLE_NS_ASSERTIONS = NO;
				ENABLE_STRICT_OBJC_MSGSEND = YES;
				GCC_C_LANGUAGE_STANDARD = gnu11;
				GCC_NO_COMMON_BLOCKS = YES;
				GCC_WARN_64_TO_32_BIT_CONVERSION = YES;
				GCC_WARN_ABOUT_RETURN_TYPE = YES_ERROR;
				GCC_WARN_UNDECLARED_SELECTOR = YES;
				GCC_WARN_UNINITIALIZED_AUTOS = YES_AGGRESSIVE;
				GCC_WARN_UNUSED_FUNCTION = YES;
				GCC_WARN_UNUSED_VARIABLE = YES;
				MTL_ENABLE_DEBUG_INFO = NO;
				MTL_FAST_MATH = YES;
				SWIFT_COMPILATION_MODE = wholemodule;
				SWIFT_OPTIMIZATION_LEVEL = "-O";
			};
			name = Release;
		};
		01315F5F2AC0C705002EEBF6 /* Debug */ = {
			isa = XCBuildConfiguration;
			buildSettings = {
				ASSETCATALOG_COMPILER_APPICON_NAME = AppIcon;
				ASSETCATALOG_COMPILER_GLOBAL_ACCENT_COLOR_NAME = AccentColor;
				CODE_SIGN_ENTITLEMENTS = StanfordCardGame/StanfordCardGame.entitlements;
				CODE_SIGN_STYLE = Automatic;
				CURRENT_PROJECT_VERSION = 1;
				DEVELOPMENT_ASSET_PATHS = "\"StanfordCardGame/Preview Content\"";
				ENABLE_PREVIEWS = YES;
				GENERATE_INFOPLIST_FILE = YES;
				"INFOPLIST_KEY_UIApplicationSceneManifest_Generation[sdk=iphoneos*]" = YES;
				"INFOPLIST_KEY_UIApplicationSceneManifest_Generation[sdk=iphonesimulator*]" = YES;
				"INFOPLIST_KEY_UIApplicationSupportsIndirectInputEvents[sdk=iphoneos*]" = YES;
				"INFOPLIST_KEY_UIApplicationSupportsIndirectInputEvents[sdk=iphonesimulator*]" = YES;
				"INFOPLIST_KEY_UILaunchScreen_Generation[sdk=iphoneos*]" = YES;
				"INFOPLIST_KEY_UILaunchScreen_Generation[sdk=iphonesimulator*]" = YES;
				"INFOPLIST_KEY_UIStatusBarStyle[sdk=iphoneos*]" = UIStatusBarStyleDefault;
				"INFOPLIST_KEY_UIStatusBarStyle[sdk=iphonesimulator*]" = UIStatusBarStyleDefault;
				INFOPLIST_KEY_UISupportedInterfaceOrientations_iPad = "UIInterfaceOrientationPortrait UIInterfaceOrientationPortraitUpsideDown UIInterfaceOrientationLandscapeLeft UIInterfaceOrientationLandscapeRight";
				INFOPLIST_KEY_UISupportedInterfaceOrientations_iPhone = "UIInterfaceOrientationPortrait UIInterfaceOrientationLandscapeLeft UIInterfaceOrientationLandscapeRight";
				IPHONEOS_DEPLOYMENT_TARGET = 16.4;
				LD_RUNPATH_SEARCH_PATHS = "@executable_path/Frameworks";
				"LD_RUNPATH_SEARCH_PATHS[sdk=macosx*]" = "@executable_path/../Frameworks";
				MACOSX_DEPLOYMENT_TARGET = 13.2;
				MARKETING_VERSION = 1.0;
				PRODUCT_BUNDLE_IDENTIFIER = AppstoreIdentifier.StanfordCardGame;
				PRODUCT_NAME = "$(TARGET_NAME)";
				SDKROOT = auto;
				SUPPORTED_PLATFORMS = "iphoneos iphonesimulator macosx";
				SWIFT_EMIT_LOC_STRINGS = YES;
				SWIFT_VERSION = 5.0;
				TARGETED_DEVICE_FAMILY = "1,2";
			};
			name = Debug;
		};
		01315F602AC0C705002EEBF6 /* Release */ = {
			isa = XCBuildConfiguration;
			buildSettings = {
				ASSETCATALOG_COMPILER_APPICON_NAME = AppIcon;
				ASSETCATALOG_COMPILER_GLOBAL_ACCENT_COLOR_NAME = AccentColor;
				CODE_SIGN_ENTITLEMENTS = StanfordCardGame/StanfordCardGame.entitlements;
				CODE_SIGN_STYLE = Automatic;
				CURRENT_PROJECT_VERSION = 1;
				DEVELOPMENT_ASSET_PATHS = "\"StanfordCardGame/Preview Content\"";
				ENABLE_PREVIEWS = YES;
				GENERATE_INFOPLIST_FILE = YES;
				"INFOPLIST_KEY_UIApplicationSceneManifest_Generation[sdk=iphoneos*]" = YES;
				"INFOPLIST_KEY_UIApplicationSceneManifest_Generation[sdk=iphonesimulator*]" = YES;
				"INFOPLIST_KEY_UIApplicationSupportsIndirectInputEvents[sdk=iphoneos*]" = YES;
				"INFOPLIST_KEY_UIApplicationSupportsIndirectInputEvents[sdk=iphonesimulator*]" = YES;
				"INFOPLIST_KEY_UILaunchScreen_Generation[sdk=iphoneos*]" = YES;
				"INFOPLIST_KEY_UILaunchScreen_Generation[sdk=iphonesimulator*]" = YES;
				"INFOPLIST_KEY_UIStatusBarStyle[sdk=iphoneos*]" = UIStatusBarStyleDefault;
				"INFOPLIST_KEY_UIStatusBarStyle[sdk=iphonesimulator*]" = UIStatusBarStyleDefault;
				INFOPLIST_KEY_UISupportedInterfaceOrientations_iPad = "UIInterfaceOrientationPortrait UIInterfaceOrientationPortraitUpsideDown UIInterfaceOrientationLandscapeLeft UIInterfaceOrientationLandscapeRight";
				INFOPLIST_KEY_UISupportedInterfaceOrientations_iPhone = "UIInterfaceOrientationPortrait UIInterfaceOrientationLandscapeLeft UIInterfaceOrientationLandscapeRight";
				IPHONEOS_DEPLOYMENT_TARGET = 16.4;
				LD_RUNPATH_SEARCH_PATHS = "@executable_path/Frameworks";
				"LD_RUNPATH_SEARCH_PATHS[sdk=macosx*]" = "@executable_path/../Frameworks";
				MACOSX_DEPLOYMENT_TARGET = 13.2;
				MARKETING_VERSION = 1.0;
				PRODUCT_BUNDLE_IDENTIFIER = AppstoreIdentifier.StanfordCardGame;
				PRODUCT_NAME = "$(TARGET_NAME)";
				SDKROOT = auto;
				SUPPORTED_PLATFORMS = "iphoneos iphonesimulator macosx";
				SWIFT_EMIT_LOC_STRINGS = YES;
				SWIFT_VERSION = 5.0;
				TARGETED_DEVICE_FAMILY = "1,2";
			};
			name = Release;
		};
		01315F622AC0C705002EEBF6 /* Debug */ = {
			isa = XCBuildConfiguration;
			buildSettings = {
				ALWAYS_EMBED_SWIFT_STANDARD_LIBRARIES = YES;
				BUNDLE_LOADER = "$(TEST_HOST)";
				CODE_SIGN_STYLE = Automatic;
				CURRENT_PROJECT_VERSION = 1;
				GENERATE_INFOPLIST_FILE = YES;
				IPHONEOS_DEPLOYMENT_TARGET = 16.4;
				MACOSX_DEPLOYMENT_TARGET = 13.2;
				MARKETING_VERSION = 1.0;
				PRODUCT_BUNDLE_IDENTIFIER = AppstoreIdentifier.StanfordCardGameTests;
				PRODUCT_NAME = "$(TARGET_NAME)";
				SDKROOT = auto;
				SUPPORTED_PLATFORMS = "iphoneos iphonesimulator macosx";
				SWIFT_EMIT_LOC_STRINGS = NO;
				SWIFT_VERSION = 5.0;
				TARGETED_DEVICE_FAMILY = "1,2";
				TEST_HOST = "$(BUILT_PRODUCTS_DIR)/StanfordCardGame.app/$(BUNDLE_EXECUTABLE_FOLDER_PATH)/StanfordCardGame";
			};
			name = Debug;
		};
		01315F632AC0C705002EEBF6 /* Release */ = {
			isa = XCBuildConfiguration;
			buildSettings = {
				ALWAYS_EMBED_SWIFT_STANDARD_LIBRARIES = YES;
				BUNDLE_LOADER = "$(TEST_HOST)";
				CODE_SIGN_STYLE = Automatic;
				CURRENT_PROJECT_VERSION = 1;
				GENERATE_INFOPLIST_FILE = YES;
				IPHONEOS_DEPLOYMENT_TARGET = 16.4;
				MACOSX_DEPLOYMENT_TARGET = 13.2;
				MARKETING_VERSION = 1.0;
				PRODUCT_BUNDLE_IDENTIFIER = AppstoreIdentifier.StanfordCardGameTests;
				PRODUCT_NAME = "$(TARGET_NAME)";
				SDKROOT = auto;
				SUPPORTED_PLATFORMS = "iphoneos iphonesimulator macosx";
				SWIFT_EMIT_LOC_STRINGS = NO;
				SWIFT_VERSION = 5.0;
				TARGETED_DEVICE_FAMILY = "1,2";
				TEST_HOST = "$(BUILT_PRODUCTS_DIR)/StanfordCardGame.app/$(BUNDLE_EXECUTABLE_FOLDER_PATH)/StanfordCardGame";
			};
			name = Release;
		};
		01315F652AC0C705002EEBF6 /* Debug */ = {
			isa = XCBuildConfiguration;
			buildSettings = {
				ALWAYS_EMBED_SWIFT_STANDARD_LIBRARIES = YES;
				CODE_SIGN_STYLE = Automatic;
				CURRENT_PROJECT_VERSION = 1;
				GENERATE_INFOPLIST_FILE = YES;
				IPHONEOS_DEPLOYMENT_TARGET = 16.4;
				MACOSX_DEPLOYMENT_TARGET = 13.2;
				MARKETING_VERSION = 1.0;
				PRODUCT_BUNDLE_IDENTIFIER = AppstoreIdentifier.StanfordCardGameUITests;
				PRODUCT_NAME = "$(TARGET_NAME)";
				SDKROOT = auto;
				SUPPORTED_PLATFORMS = "iphoneos iphonesimulator macosx";
				SWIFT_EMIT_LOC_STRINGS = NO;
				SWIFT_VERSION = 5.0;
				TARGETED_DEVICE_FAMILY = "1,2";
				TEST_TARGET_NAME = StanfordCardGame;
			};
			name = Debug;
		};
		01315F662AC0C705002EEBF6 /* Release */ = {
			isa = XCBuildConfiguration;
			buildSettings = {
				ALWAYS_EMBED_SWIFT_STANDARD_LIBRARIES = YES;
				CODE_SIGN_STYLE = Automatic;
				CURRENT_PROJECT_VERSION = 1;
				GENERATE_INFOPLIST_FILE = YES;
				IPHONEOS_DEPLOYMENT_TARGET = 16.4;
				MACOSX_DEPLOYMENT_TARGET = 13.2;
				MARKETING_VERSION = 1.0;
				PRODUCT_BUNDLE_IDENTIFIER = AppstoreIdentifier.StanfordCardGameUITests;
				PRODUCT_NAME = "$(TARGET_NAME)";
				SDKROOT = auto;
				SUPPORTED_PLATFORMS = "iphoneos iphonesimulator macosx";
				SWIFT_EMIT_LOC_STRINGS = NO;
				SWIFT_VERSION = 5.0;
				TARGETED_DEVICE_FAMILY = "1,2";
				TEST_TARGET_NAME = StanfordCardGame;
			};
			name = Release;
		};
/* End XCBuildConfiguration section */

/* Begin XCConfigurationList section */
		01315F342AC0C703002EEBF6 /* Build configuration list for PBXProject "StanfordCardGame" */ = {
			isa = XCConfigurationList;
			buildConfigurations = (
				01315F5C2AC0C705002EEBF6 /* Debug */,
				01315F5D2AC0C705002EEBF6 /* Release */,
			);
			defaultConfigurationIsVisible = 0;
			defaultConfigurationName = Release;
		};
		01315F5E2AC0C705002EEBF6 /* Build configuration list for PBXNativeTarget "StanfordCardGame" */ = {
			isa = XCConfigurationList;
			buildConfigurations = (
				01315F5F2AC0C705002EEBF6 /* Debug */,
				01315F602AC0C705002EEBF6 /* Release */,
			);
			defaultConfigurationIsVisible = 0;
			defaultConfigurationName = Release;
		};
		01315F612AC0C705002EEBF6 /* Build configuration list for PBXNativeTarget "StanfordCardGameTests" */ = {
			isa = XCConfigurationList;
			buildConfigurations = (
				01315F622AC0C705002EEBF6 /* Debug */,
				01315F632AC0C705002EEBF6 /* Release */,
			);
			defaultConfigurationIsVisible = 0;
			defaultConfigurationName = Release;
		};
		01315F642AC0C705002EEBF6 /* Build configuration list for PBXNativeTarget "StanfordCardGameUITests" */ = {
			isa = XCConfigurationList;
			buildConfigurations = (
				01315F652AC0C705002EEBF6 /* Debug */,
				01315F662AC0C705002EEBF6 /* Release */,
			);
			defaultConfigurationIsVisible = 0;
			defaultConfigurationName = Release;
		};
/* End XCConfigurationList section */
	};
	rootObject = 01315F312AC0C703002EEBF6 /* Project object */;
}
